// !$*UTF8*$!
{
	archiveVersion = 1;
	classes = {
	};
	objectVersion = 56;
	objects = {

/* Begin PBXBuildFile section */
		63CD970C2952D43A00459C93 /* QuotesTableViewCell.swift in Sources */ = {isa = PBXBuildFile; fileRef = 63CD970B2952D43A00459C93 /* QuotesTableViewCell.swift */; };
		63CD970E2952D48600459C93 /* DesignSystem.swift in Sources */ = {isa = PBXBuildFile; fileRef = 63CD970D2952D48600459C93 /* DesignSystem.swift */; };
		63CD97102952D51F00459C93 /* QuotesModel.swift in Sources */ = {isa = PBXBuildFile; fileRef = 63CD970F2952D51F00459C93 /* QuotesModel.swift */; };
		63CD97132952F08500459C93 /* Starscream in Frameworks */ = {isa = PBXBuildFile; productRef = 63CD97122952F08500459C93 /* Starscream */; };
		63CD971529533D0B00459C93 /* QuotesViewModel.swift in Sources */ = {isa = PBXBuildFile; fileRef = 63CD971429533D0B00459C93 /* QuotesViewModel.swift */; };
		63CD971E29535EC000459C93 /* Main.storyboard in Resources */ = {isa = PBXBuildFile; fileRef = 63CD971D29535EC000459C93 /* Main.storyboard */; };
		63CFDA9F2952CCF300014765 /* SnapKit in Frameworks */ = {isa = PBXBuildFile; productRef = 63CFDA9E2952CCF300014765 /* SnapKit */; };
		63F3EEC72951F62E00B7364D /* AppDelegate.swift in Sources */ = {isa = PBXBuildFile; fileRef = 63F3EEC62951F62E00B7364D /* AppDelegate.swift */; };
		63F3EEC92951F62E00B7364D /* SceneDelegate.swift in Sources */ = {isa = PBXBuildFile; fileRef = 63F3EEC82951F62E00B7364D /* SceneDelegate.swift */; };
		63F3EECB2951F62E00B7364D /* ViewController.swift in Sources */ = {isa = PBXBuildFile; fileRef = 63F3EECA2951F62E00B7364D /* ViewController.swift */; };
		63F3EED02951F63000B7364D /* Assets.xcassets in Resources */ = {isa = PBXBuildFile; fileRef = 63F3EECF2951F63000B7364D /* Assets.xcassets */; };
		63F3EED32951F63000B7364D /* LaunchScreen.storyboard in Resources */ = {isa = PBXBuildFile; fileRef = 63F3EED12951F63000B7364D /* LaunchScreen.storyboard */; };
/* End PBXBuildFile section */

/* Begin PBXFileReference section */
		63CD970B2952D43A00459C93 /* QuotesTableViewCell.swift */ = {isa = PBXFileReference; lastKnownFileType = sourcecode.swift; path = QuotesTableViewCell.swift; sourceTree = "<group>"; };
		63CD970D2952D48600459C93 /* DesignSystem.swift */ = {isa = PBXFileReference; lastKnownFileType = sourcecode.swift; path = DesignSystem.swift; sourceTree = "<group>"; };
		63CD970F2952D51F00459C93 /* QuotesModel.swift */ = {isa = PBXFileReference; lastKnownFileType = sourcecode.swift; path = QuotesModel.swift; sourceTree = "<group>"; };
		63CD971429533D0B00459C93 /* QuotesViewModel.swift */ = {isa = PBXFileReference; lastKnownFileType = sourcecode.swift; path = QuotesViewModel.swift; sourceTree = "<group>"; };
		63CD971D29535EC000459C93 /* Main.storyboard */ = {isa = PBXFileReference; lastKnownFileType = file.storyboard; path = Main.storyboard; sourceTree = "<group>"; };
		63F3EEC32951F62E00B7364D /* quotesApp.app */ = {isa = PBXFileReference; explicitFileType = wrapper.application; includeInIndex = 0; path = quotesApp.app; sourceTree = BUILT_PRODUCTS_DIR; };
		63F3EEC62951F62E00B7364D /* AppDelegate.swift */ = {isa = PBXFileReference; lastKnownFileType = sourcecode.swift; path = AppDelegate.swift; sourceTree = "<group>"; };
		63F3EEC82951F62E00B7364D /* SceneDelegate.swift */ = {isa = PBXFileReference; lastKnownFileType = sourcecode.swift; path = SceneDelegate.swift; sourceTree = "<group>"; };
		63F3EECA2951F62E00B7364D /* ViewController.swift */ = {isa = PBXFileReference; lastKnownFileType = sourcecode.swift; path = ViewController.swift; sourceTree = "<group>"; };
		63F3EECF2951F63000B7364D /* Assets.xcassets */ = {isa = PBXFileReference; lastKnownFileType = folder.assetcatalog; path = Assets.xcassets; sourceTree = "<group>"; };
		63F3EED22951F63000B7364D /* Base */ = {isa = PBXFileReference; lastKnownFileType = file.storyboard; name = Base; path = Base.lproj/LaunchScreen.storyboard; sourceTree = "<group>"; };
		63F3EED42951F63000B7364D /* Info.plist */ = {isa = PBXFileReference; lastKnownFileType = text.plist.xml; path = Info.plist; sourceTree = "<group>"; };
/* End PBXFileReference section */

/* Begin PBXFrameworksBuildPhase section */
		63F3EEC02951F62E00B7364D /* Frameworks */ = {
			isa = PBXFrameworksBuildPhase;
			buildActionMask = 2147483647;
			files = (
				63CFDA9F2952CCF300014765 /* SnapKit in Frameworks */,
				63CD97132952F08500459C93 /* Starscream in Frameworks */,
			);
			runOnlyForDeploymentPostprocessing = 0;
		};
/* End PBXFrameworksBuildPhase section */

/* Begin PBXGroup section */
		63CD971629535DD100459C93 /* TableViewCell */ = {
			isa = PBXGroup;
			children = (
				63CD970B2952D43A00459C93 /* QuotesTableViewCell.swift */,
			);
			path = TableViewCell;
			sourceTree = "<group>";
		};
		63CD971929535DF300459C93 /* Screens */ = {
			isa = PBXGroup;
			children = (
				63CD971F29535EEC00459C93 /* MainScreen */,
			);
			path = Screens;
			sourceTree = "<group>";
		};
		63CD971A29535E0400459C93 /* Models */ = {
			isa = PBXGroup;
			children = (
				63CD970F2952D51F00459C93 /* QuotesModel.swift */,
			);
			path = Models;
			sourceTree = "<group>";
		};
		63CD971B29535E1400459C93 /* DsygnSystems */ = {
			isa = PBXGroup;
			children = (
				63CD970D2952D48600459C93 /* DesignSystem.swift */,
			);
			path = DsygnSystems;
			sourceTree = "<group>";
		};
		63CD971C29535E2D00459C93 /* Resources */ = {
			isa = PBXGroup;
			children = (
				63F3EECF2951F63000B7364D /* Assets.xcassets */,
				63CD971D29535EC000459C93 /* Main.storyboard */,
			);
			path = Resources;
			sourceTree = "<group>";
		};
		63CD971F29535EEC00459C93 /* MainScreen */ = {
			isa = PBXGroup;
			children = (
				63CD971629535DD100459C93 /* TableViewCell */,
				63CD971429533D0B00459C93 /* QuotesViewModel.swift */,
				63F3EECA2951F62E00B7364D /* ViewController.swift */,
			);
			path = MainScreen;
			sourceTree = "<group>";
		};
		63F3EEBA2951F62E00B7364D = {
			isa = PBXGroup;
			children = (
				63F3EEC52951F62E00B7364D /* quotesApp */,
				63F3EEC42951F62E00B7364D /* Products */,
			);
			sourceTree = "<group>";
		};
		63F3EEC42951F62E00B7364D /* Products */ = {
			isa = PBXGroup;
			children = (
				63F3EEC32951F62E00B7364D /* quotesApp.app */,
			);
			name = Products;
			sourceTree = "<group>";
		};
		63F3EEC52951F62E00B7364D /* quotesApp */ = {
			isa = PBXGroup;
			children = (
				63F3EEC62951F62E00B7364D /* AppDelegate.swift */,
				63F3EEC82951F62E00B7364D /* SceneDelegate.swift */,
				63F3EED12951F63000B7364D /* LaunchScreen.storyboard */,
				63F3EED42951F63000B7364D /* Info.plist */,
				63CD971929535DF300459C93 /* Screens */,
				63CD971A29535E0400459C93 /* Models */,
				63CD971B29535E1400459C93 /* DsygnSystems */,
				63CD971C29535E2D00459C93 /* Resources */,
			);
			path = quotesApp;
			sourceTree = "<group>";
		};
/* End PBXGroup section */

/* Begin PBXNativeTarget section */
		63F3EEC22951F62E00B7364D /* quotesApp */ = {
			isa = PBXNativeTarget;
			buildConfigurationList = 63F3EED72951F63000B7364D /* Build configuration list for PBXNativeTarget "quotesApp" */;
			buildPhases = (
				63F3EEBF2951F62E00B7364D /* Sources */,
				63F3EEC02951F62E00B7364D /* Frameworks */,
				63F3EEC12951F62E00B7364D /* Resources */,
			);
			buildRules = (
			);
			dependencies = (
			);
			name = quotesApp;
			packageProductDependencies = (
				63CFDA9E2952CCF300014765 /* SnapKit */,
				63CD97122952F08500459C93 /* Starscream */,
			);
			productName = quotesApp;
			productReference = 63F3EEC32951F62E00B7364D /* quotesApp.app */;
			productType = "com.apple.product-type.application";
		};
/* End PBXNativeTarget section */

/* Begin PBXProject section */
		63F3EEBB2951F62E00B7364D /* Project object */ = {
			isa = PBXProject;
			attributes = {
				BuildIndependentTargetsInParallel = 1;
				LastSwiftUpdateCheck = 1400;
				LastUpgradeCheck = 1400;
				TargetAttributes = {
					63F3EEC22951F62E00B7364D = {
						CreatedOnToolsVersion = 14.0.1;
					};
				};
			};
			buildConfigurationList = 63F3EEBE2951F62E00B7364D /* Build configuration list for PBXProject "quotesApp" */;
			compatibilityVersion = "Xcode 14.0";
			developmentRegion = en;
			hasScannedForEncodings = 0;
			knownRegions = (
				en,
				Base,
			);
			mainGroup = 63F3EEBA2951F62E00B7364D;
			packageReferences = (
				63CFDA9A2952CC8A00014765 /* XCRemoteSwiftPackageReference "Alamofire" */,
				63CFDA9D2952CCF300014765 /* XCRemoteSwiftPackageReference "SnapKit" */,
				63CD97112952F08500459C93 /* XCRemoteSwiftPackageReference "Starscream" */,
			);
			productRefGroup = 63F3EEC42951F62E00B7364D /* Products */;
			projectDirPath = "";
			projectRoot = "";
			targets = (
				63F3EEC22951F62E00B7364D /* quotesApp */,
			);
		};
/* End PBXProject section */

/* Begin PBXResourcesBuildPhase section */
		63F3EEC12951F62E00B7364D /* Resources */ = {
			isa = PBXResourcesBuildPhase;
			buildActionMask = 2147483647;
			files = (
				63CD971E29535EC000459C93 /* Main.storyboard in Resources */,
				63F3EED32951F63000B7364D /* LaunchScreen.storyboard in Resources */,
				63F3EED02951F63000B7364D /* Assets.xcassets in Resources */,
			);
			runOnlyForDeploymentPostprocessing = 0;
		};
/* End PBXResourcesBuildPhase section */

/* Begin PBXSourcesBuildPhase section */
		63F3EEBF2951F62E00B7364D /* Sources */ = {
			isa = PBXSourcesBuildPhase;
			buildActionMask = 2147483647;
			files = (
				63CD970C2952D43A00459C93 /* QuotesTableViewCell.swift in Sources */,
				63CD970E2952D48600459C93 /* DesignSystem.swift in Sources */,
				63CD97102952D51F00459C93 /* QuotesModel.swift in Sources */,
				63F3EECB2951F62E00B7364D /* ViewController.swift in Sources */,
				63F3EEC72951F62E00B7364D /* AppDelegate.swift in Sources */,
				63F3EEC92951F62E00B7364D /* SceneDelegate.swift in Sources */,
				63CD971529533D0B00459C93 /* QuotesViewModel.swift in Sources */,
			);
			runOnlyForDeploymentPostprocessing = 0;
		};
/* End PBXSourcesBuildPhase section */

/* Begin PBXVariantGroup section */
		63F3EED12951F63000B7364D /* LaunchScreen.storyboard */ = {
			isa = PBXVariantGroup;
			children = (
				63F3EED22951F63000B7364D /* Base */,
			);
			name = LaunchScreen.storyboard;
			sourceTree = "<group>";
		};
/* End PBXVariantGroup section */

/* Begin XCBuildConfiguration section */
		63F3EED52951F63000B7364D /* Debug */ = {
			isa = XCBuildConfiguration;
			buildSettings = {
				ALWAYS_SEARCH_USER_PATHS = NO;
				CLANG_ANALYZER_NONNULL = YES;
				CLANG_ANALYZER_NUMBER_OBJECT_CONVERSION = YES_AGGRESSIVE;
				CLANG_CXX_LANGUAGE_STANDARD = "gnu++20";
				CLANG_ENABLE_MODULES = YES;
				CLANG_ENABLE_OBJC_ARC = YES;
				CLANG_ENABLE_OBJC_WEAK = YES;
				CLANG_WARN_BLOCK_CAPTURE_AUTORELEASING = YES;
				CLANG_WARN_BOOL_CONVERSION = YES;
				CLANG_WARN_COMMA = YES;
				CLANG_WARN_CONSTANT_CONVERSION = YES;
				CLANG_WARN_DEPRECATED_OBJC_IMPLEMENTATIONS = YES;
				CLANG_WARN_DIRECT_OBJC_ISA_USAGE = YES_ERROR;
				CLANG_WARN_DOCUMENTATION_COMMENTS = YES;
				CLANG_WARN_EMPTY_BODY = YES;
				CLANG_WARN_ENUM_CONVERSION = YES;
				CLANG_WARN_INFINITE_RECURSION = YES;
				CLANG_WARN_INT_CONVERSION = YES;
				CLANG_WARN_NON_LITERAL_NULL_CONVERSION = YES;
				CLANG_WARN_OBJC_IMPLICIT_RETAIN_SELF = YES;
				CLANG_WARN_OBJC_LITERAL_CONVERSION = YES;
				CLANG_WARN_OBJC_ROOT_CLASS = YES_ERROR;
				CLANG_WARN_QUOTED_INCLUDE_IN_FRAMEWORK_HEADER = YES;
				CLANG_WARN_RANGE_LOOP_ANALYSIS = YES;
				CLANG_WARN_STRICT_PROTOTYPES = YES;
				CLANG_WARN_SUSPICIOUS_MOVE = YES;
				CLANG_WARN_UNGUARDED_AVAILABILITY = YES_AGGRESSIVE;
				CLANG_WARN_UNREACHABLE_CODE = YES;
				CLANG_WARN__DUPLICATE_METHOD_MATCH = YES;
				COPY_PHASE_STRIP = NO;
				DEBUG_INFORMATION_FORMAT = dwarf;
				ENABLE_STRICT_OBJC_MSGSEND = YES;
				ENABLE_TESTABILITY = YES;
				GCC_C_LANGUAGE_STANDARD = gnu11;
				GCC_DYNAMIC_NO_PIC = NO;
				GCC_NO_COMMON_BLOCKS = YES;
				GCC_OPTIMIZATION_LEVEL = 0;
				GCC_PREPROCESSOR_DEFINITIONS = (
					"DEBUG=1",
					"$(inherited)",
				);
				GCC_WARN_64_TO_32_BIT_CONVERSION = YES;
				GCC_WARN_ABOUT_RETURN_TYPE = YES_ERROR;
				GCC_WARN_UNDECLARED_SELECTOR = YES;
				GCC_WARN_UNINITIALIZED_AUTOS = YES_AGGRESSIVE;
				GCC_WARN_UNUSED_FUNCTION = YES;
				GCC_WARN_UNUSED_VARIABLE = YES;
				IPHONEOS_DEPLOYMENT_TARGET = 16.0;
				MTL_ENABLE_DEBUG_INFO = INCLUDE_SOURCE;
				MTL_FAST_MATH = YES;
				ONLY_ACTIVE_ARCH = YES;
				SDKROOT = iphoneos;
				SWIFT_ACTIVE_COMPILATION_CONDITIONS = DEBUG;
				SWIFT_OPTIMIZATION_LEVEL = "-Onone";
			};
			name = Debug;
		};
		63F3EED62951F63000B7364D /* Release */ = {
			isa = XCBuildConfiguration;
			buildSettings = {
				ALWAYS_SEARCH_USER_PATHS = NO;
				CLANG_ANALYZER_NONNULL = YES;
				CLANG_ANALYZER_NUMBER_OBJECT_CONVERSION = YES_AGGRESSIVE;
				CLANG_CXX_LANGUAGE_STANDARD = "gnu++20";
				CLANG_ENABLE_MODULES = YES;
				CLANG_ENABLE_OBJC_ARC = YES;
				CLANG_ENABLE_OBJC_WEAK = YES;
				CLANG_WARN_BLOCK_CAPTURE_AUTORELEASING = YES;
				CLANG_WARN_BOOL_CONVERSION = YES;
				CLANG_WARN_COMMA = YES;
				CLANG_WARN_CONSTANT_CONVERSION = YES;
				CLANG_WARN_DEPRECATED_OBJC_IMPLEMENTATIONS = YES;
				CLANG_WARN_DIRECT_OBJC_ISA_USAGE = YES_ERROR;
				CLANG_WARN_DOCUMENTATION_COMMENTS = YES;
				CLANG_WARN_EMPTY_BODY = YES;
				CLANG_WARN_ENUM_CONVERSION = YES;
				CLANG_WARN_INFINITE_RECURSION = YES;
				CLANG_WARN_INT_CONVERSION = YES;
				CLANG_WARN_NON_LITERAL_NULL_CONVERSION = YES;
				CLANG_WARN_OBJC_IMPLICIT_RETAIN_SELF = YES;
				CLANG_WARN_OBJC_LITERAL_CONVERSION = YES;
				CLANG_WARN_OBJC_ROOT_CLASS = YES_ERROR;
				CLANG_WARN_QUOTED_INCLUDE_IN_FRAMEWORK_HEADER = YES;
				CLANG_WARN_RANGE_LOOP_ANALYSIS = YES;
				CLANG_WARN_STRICT_PROTOTYPES = YES;
				CLANG_WARN_SUSPICIOUS_MOVE = YES;
				CLANG_WARN_UNGUARDED_AVAILABILITY = YES_AGGRESSIVE;
				CLANG_WARN_UNREACHABLE_CODE = YES;
				CLANG_WARN__DUPLICATE_METHOD_MATCH = YES;
				COPY_PHASE_STRIP = NO;
				DEBUG_INFORMATION_FORMAT = "dwarf-with-dsym";
				ENABLE_NS_ASSERTIONS = NO;
				ENABLE_STRICT_OBJC_MSGSEND = YES;
				GCC_C_LANGUAGE_STANDARD = gnu11;
				GCC_NO_COMMON_BLOCKS = YES;
				GCC_WARN_64_TO_32_BIT_CONVERSION = YES;
				GCC_WARN_ABOUT_RETURN_TYPE = YES_ERROR;
				GCC_WARN_UNDECLARED_SELECTOR = YES;
				GCC_WARN_UNINITIALIZED_AUTOS = YES_AGGRESSIVE;
				GCC_WARN_UNUSED_FUNCTION = YES;
				GCC_WARN_UNUSED_VARIABLE = YES;
				IPHONEOS_DEPLOYMENT_TARGET = 16.0;
				MTL_ENABLE_DEBUG_INFO = NO;
				MTL_FAST_MATH = YES;
				SDKROOT = iphoneos;
				SWIFT_COMPILATION_MODE = wholemodule;
				SWIFT_OPTIMIZATION_LEVEL = "-O";
				VALIDATE_PRODUCT = YES;
			};
			name = Release;
		};
		63F3EED82951F63000B7364D /* Debug */ = {
			isa = XCBuildConfiguration;
			buildSettings = {
				ASSETCATALOG_COMPILER_APPICON_NAME = AppIcon;
				ASSETCATALOG_COMPILER_GLOBAL_ACCENT_COLOR_NAME = AccentColor;
				CODE_SIGN_STYLE = Automatic;
				CURRENT_PROJECT_VERSION = 1;
				DEVELOPMENT_TEAM = 5AN79CFNZ7;
				GENERATE_INFOPLIST_FILE = YES;
				INFOPLIST_FILE = quotesApp/Info.plist;
				INFOPLIST_KEY_UIApplicationSupportsIndirectInputEvents = YES;
				INFOPLIST_KEY_UILaunchStoryboardName = LaunchScreen;
				INFOPLIST_KEY_UIMainStoryboardFile = Main;
				INFOPLIST_KEY_UISupportedInterfaceOrientations_iPad = "UIInterfaceOrientationPortrait UIInterfaceOrientationPortraitUpsideDown UIInterfaceOrientationLandscapeLeft UIInterfaceOrientationLandscapeRight";
				INFOPLIST_KEY_UISupportedInterfaceOrientations_iPhone = "UIInterfaceOrientationPortrait UIInterfaceOrientationLandscapeLeft UIInterfaceOrientationLandscapeRight";
				LD_RUNPATH_SEARCH_PATHS = (
					"$(inherited)",
					"@executable_path/Frameworks",
				);
				MARKETING_VERSION = 1.0;
				PRODUCT_BUNDLE_IDENTIFIER = test.quotesApp;
				PRODUCT_NAME = "$(TARGET_NAME)";
				SWIFT_EMIT_LOC_STRINGS = YES;
				SWIFT_VERSION = 5.0;
				TARGETED_DEVICE_FAMILY = "1,2";
			};
			name = Debug;
		};
		63F3EED92951F63000B7364D /* Release */ = {
			isa = XCBuildConfiguration;
			buildSettings = {
				ASSETCATALOG_COMPILER_APPICON_NAME = AppIcon;
				ASSETCATALOG_COMPILER_GLOBAL_ACCENT_COLOR_NAME = AccentColor;
				CODE_SIGN_STYLE = Automatic;
				CURRENT_PROJECT_VERSION = 1;
				DEVELOPMENT_TEAM = 5AN79CFNZ7;
				GENERATE_INFOPLIST_FILE = YES;
				INFOPLIST_FILE = quotesApp/Info.plist;
				INFOPLIST_KEY_UIApplicationSupportsIndirectInputEvents = YES;
				INFOPLIST_KEY_UILaunchStoryboardName = LaunchScreen;
				INFOPLIST_KEY_UIMainStoryboardFile = Main;
				INFOPLIST_KEY_UISupportedInterfaceOrientations_iPad = "UIInterfaceOrientationPortrait UIInterfaceOrientationPortraitUpsideDown UIInterfaceOrientationLandscapeLeft UIInterfaceOrientationLandscapeRight";
				INFOPLIST_KEY_UISupportedInterfaceOrientations_iPhone = "UIInterfaceOrientationPortrait UIInterfaceOrientationLandscapeLeft UIInterfaceOrientationLandscapeRight";
				LD_RUNPATH_SEARCH_PATHS = (
					"$(inherited)",
					"@executable_path/Frameworks",
				);
				MARKETING_VERSION = 1.0;
				PRODUCT_BUNDLE_IDENTIFIER = test.quotesApp;
				PRODUCT_NAME = "$(TARGET_NAME)";
				SWIFT_EMIT_LOC_STRINGS = YES;
				SWIFT_VERSION = 5.0;
				TARGETED_DEVICE_FAMILY = "1,2";
			};
			name = Release;
		};
/* End XCBuildConfiguration section */

/* Begin XCConfigurationList section */
		63F3EEBE2951F62E00B7364D /* Build configuration list for PBXProject "quotesApp" */ = {
			isa = XCConfigurationList;
			buildConfigurations = (
				63F3EED52951F63000B7364D /* Debug */,
				63F3EED62951F63000B7364D /* Release */,
			);
			defaultConfigurationIsVisible = 0;
			defaultConfigurationName = Release;
		};
		63F3EED72951F63000B7364D /* Build configuration list for PBXNativeTarget "quotesApp" */ = {
			isa = XCConfigurationList;
			buildConfigurations = (
				63F3EED82951F63000B7364D /* Debug */,
				63F3EED92951F63000B7364D /* Release */,
			);
			defaultConfigurationIsVisible = 0;
			defaultConfigurationName = Release;
		};
/* End XCConfigurationList section */

/* Begin XCRemoteSwiftPackageReference section */
		63CD97112952F08500459C93 /* XCRemoteSwiftPackageReference "Starscream" */ = {
			isa = XCRemoteSwiftPackageReference;
			repositoryURL = "https://github.com/daltoniam/Starscream";
			requirement = {
				kind = upToNextMajorVersion;
				minimumVersion = 4.0.0;
			};
		};
		63CFDA9A2952CC8A00014765 /* XCRemoteSwiftPackageReference "Alamofire" */ = {
			isa = XCRemoteSwiftPackageReference;
			repositoryURL = "https://github.com/Alamofire/Alamofire";
			requirement = {
				kind = upToNextMajorVersion;
				minimumVersion = 5.0.0;
			};
		};
		63CFDA9D2952CCF300014765 /* XCRemoteSwiftPackageReference "SnapKit" */ = {
			isa = XCRemoteSwiftPackageReference;
			repositoryURL = "https://github.com/SnapKit/SnapKit";
			requirement = {
				branch = develop;
				kind = branch;
			};
		};
/* End XCRemoteSwiftPackageReference section */

/* Begin XCSwiftPackageProductDependency section */
		63CD97122952F08500459C93 /* Starscream */ = {
			isa = XCSwiftPackageProductDependency;
			package = 63CD97112952F08500459C93 /* XCRemoteSwiftPackageReference "Starscream" */;
			productName = Starscream;
		};
		63CFDA9E2952CCF300014765 /* SnapKit */ = {
			isa = XCSwiftPackageProductDependency;
			package = 63CFDA9D2952CCF300014765 /* XCRemoteSwiftPackageReference "SnapKit" */;
			productName = SnapKit;
		};
/* End XCSwiftPackageProductDependency section */
	};
	rootObject = 63F3EEBB2951F62E00B7364D /* Project object */;
}
